
Microsoft Visual Studio Solution File, Format Version 12.00
# Visual Studio Version 17
VisualStudioVersion = 17.6.33815.320
MinimumVisualStudioVersion = 10.0.40219.1
Project("{FAE04EC0-301F-11D3-BF4B-00C04F79EFBC}") = "Secao13Curso", "Secao13Curso\Secao13Curso.csproj", "{B071763D-6D60-4754-97B2-C0FA58718A03}"
EndProject
Global
	GlobalSection(SolutionConfigurationPlatforms) = preSolution
		Debug|Any CPU = Debug|Any CPU
		Release|Any CPU = Release|Any CPU
	EndGlobalSection
	GlobalSection(ProjectConfigurationPlatforms) = postSolution
		{B071763D-6D60-4754-97B2-C0FA58718A03}.Debug|Any CPU.ActiveCfg = Debug|Any CPU
		{B071763D-6D60-4754-97B2-C0FA58718A03}.Debug|Any CPU.Build.0 = Debug|Any CPU
		{B071763D-6D60-4754-97B2-C0FA58718A03}.Release|Any CPU.ActiveCfg = Release|Any CPU
		{B071763D-6D60-4754-97B2-C0FA58718A03}.Release|Any CPU.Build.0 = Release|Any CPU
	EndGlobalSection
	GlobalSection(SolutionProperties) = preSolution
		HideSolutionNode = FALSE
	EndGlobalSection
	GlobalSection(ExtensibilityGlobals) = postSolution
		SolutionGuid = {CBAC4A75-DEA7-4678-8C58-37974D0D9802}
	EndGlobalSection
EndGlobal
